
Microsoft Visual Studio Solution File, Format Version 12.00
# Visual Studio 2013
VisualStudioVersion = 12.0.21005.1
MinimumVisualStudioVersion = 10.0.40219.1
Project("{FAE04EC0-301F-11D3-BF4B-00C04F79EFBC}") = "WebApiProxyGen.Server", "WebApiProxyGen\WebApiProxyGen.Server.csproj", "{A0FC15EB-6FC2-4155-A88A-CD3F9AC7DE38}"
EndProject
Project("{FAE04EC0-301F-11D3-BF4B-00C04F79EFBC}") = "WebApiProxyGen.Client", "WebApiProxyGen.Client\WebApiProxyGen.Client.csproj", "{14FDB788-3733-4541-89A2-87AA4DF501D0}"
EndProject
Project("{2150E333-8FDC-42A3-9474-1A3956D46DE8}") = ".nuget", ".nuget", "{468E49E7-6FCB-4367-ADB7-464C27DB25A8}"
	ProjectSection(SolutionItems) = preProject
		.nuget\NuGet.Config = .nuget\NuGet.Config
		.nuget\NuGet.exe = .nuget\NuGet.exe
		.nuget\NuGet.targets = .nuget\NuGet.targets
	EndProjectSection
EndProject
Global
	GlobalSection(SolutionConfigurationPlatforms) = preSolution
		Debug|Any CPU = Debug|Any CPU
		Release|Any CPU = Release|Any CPU
	EndGlobalSection
	GlobalSection(ProjectConfigurationPlatforms) = postSolution
		{A0FC15EB-6FC2-4155-A88A-CD3F9AC7DE38}.Debug|Any CPU.ActiveCfg = Debug|Any CPU
		{A0FC15EB-6FC2-4155-A88A-CD3F9AC7DE38}.Debug|Any CPU.Build.0 = Debug|Any CPU
		{A0FC15EB-6FC2-4155-A88A-CD3F9AC7DE38}.Release|Any CPU.ActiveCfg = Release|Any CPU
		{A0FC15EB-6FC2-4155-A88A-CD3F9AC7DE38}.Release|Any CPU.Build.0 = Release|Any CPU
		{14FDB788-3733-4541-89A2-87AA4DF501D0}.Debug|Any CPU.ActiveCfg = Debug|Any CPU
		{14FDB788-3733-4541-89A2-87AA4DF501D0}.Debug|Any CPU.Build.0 = Debug|Any CPU
		{14FDB788-3733-4541-89A2-87AA4DF501D0}.Release|Any CPU.ActiveCfg = Release|Any CPU
		{14FDB788-3733-4541-89A2-87AA4DF501D0}.Release|Any CPU.Build.0 = Release|Any CPU
	EndGlobalSection
	GlobalSection(SolutionProperties) = preSolution
		HideSolutionNode = FALSE
	EndGlobalSection
EndGlobal
